
Microsoft Visual Studio Solution File, Format Version 11.00
# Visual Studio 2010
Project("{FAE04EC0-301F-11D3-BF4B-00C04F79EFBC}") = "IntervalTreeLib", "IntervalTreeLib\IntervalTreeLib.csproj", "{0207A18A-6BC1-490B-B010-7A3DA3178890}"
EndProject
Project("{FAE04EC0-301F-11D3-BF4B-00C04F79EFBC}") = "IntervalTreeTest", "IntervalTreeTest\IntervalTreeTest.csproj", "{82EAEC53-D70A-4CFF-9E00-010D75C71225}"
EndProject
Project("{2150E333-8FDC-42A3-9474-1A3956D46DE8}") = "Solution Items", "Solution Items", "{7A51F819-B3F5-4631-881D-4BFE9DD01DC9}"
	ProjectSection(SolutionItems) = preProject
		IntervalTree.vsmdi = IntervalTree.vsmdi
		License.txt = License.txt
		Local.testsettings = Local.testsettings
		TraceAndTestImpact.testsettings = TraceAndTestImpact.testsettings
		Wintellect.PowerCollection.License.txt = Wintellect.PowerCollection.License.txt
	EndProjectSection
EndProject
Global
	GlobalSection(TestCaseManagementSettings) = postSolution
		CategoryFile = IntervalTree.vsmdi
	EndGlobalSection
	GlobalSection(SolutionConfigurationPlatforms) = preSolution
		Debug|Any CPU = Debug|Any CPU
		Release|Any CPU = Release|Any CPU
	EndGlobalSection
	GlobalSection(ProjectConfigurationPlatforms) = postSolution
		{0207A18A-6BC1-490B-B010-7A3DA3178890}.Debug|Any CPU.ActiveCfg = Debug|Any CPU
		{0207A18A-6BC1-490B-B010-7A3DA3178890}.Debug|Any CPU.Build.0 = Debug|Any CPU
		{0207A18A-6BC1-490B-B010-7A3DA3178890}.Release|Any CPU.ActiveCfg = Release|Any CPU
		{0207A18A-6BC1-490B-B010-7A3DA3178890}.Release|Any CPU.Build.0 = Release|Any CPU
		{82EAEC53-D70A-4CFF-9E00-010D75C71225}.Debug|Any CPU.ActiveCfg = Debug|Any CPU
		{82EAEC53-D70A-4CFF-9E00-010D75C71225}.Debug|Any CPU.Build.0 = Debug|Any CPU
		{82EAEC53-D70A-4CFF-9E00-010D75C71225}.Release|Any CPU.ActiveCfg = Release|Any CPU
		{82EAEC53-D70A-4CFF-9E00-010D75C71225}.Release|Any CPU.Build.0 = Release|Any CPU
	EndGlobalSection
	GlobalSection(SolutionProperties) = preSolution
		HideSolutionNode = FALSE
	EndGlobalSection
EndGlobal
